// !$*UTF8*$!
{
	archiveVersion = 1;
	classes = {
	};
	objectVersion = 50;
	objects = {

/* Begin PBXBuildFile section */
		1F4FA40B7447343DE875400E /* Pods_Project_Without_StoryBorads.framework in Frameworks */ = {isa = PBXBuildFile; fileRef = 393279A31AAF12F77E370FDA /* Pods_Project_Without_StoryBorads.framework */; };
		A02A694B26761243001D1126 /* AppDelegate.swift in Sources */ = {isa = PBXBuildFile; fileRef = A02A694A26761243001D1126 /* AppDelegate.swift */; };
		A02A694D26761243001D1126 /* SceneDelegate.swift in Sources */ = {isa = PBXBuildFile; fileRef = A02A694C26761243001D1126 /* SceneDelegate.swift */; };
		A02A694F26761243001D1126 /* ViewController.swift in Sources */ = {isa = PBXBuildFile; fileRef = A02A694E26761243001D1126 /* ViewController.swift */; };
		A02A695426761244001D1126 /* Assets.xcassets in Resources */ = {isa = PBXBuildFile; fileRef = A02A695326761244001D1126 /* Assets.xcassets */; };
		A02A695726761244001D1126 /* LaunchScreen.storyboard in Resources */ = {isa = PBXBuildFile; fileRef = A02A695526761244001D1126 /* LaunchScreen.storyboard */; };
/* End PBXBuildFile section */

/* Begin PBXFileReference section */
		163AF6A437D60894711DF2B4 /* Pods-Project Without StoryBorads.release.xcconfig */ = {isa = PBXFileReference; includeInIndex = 1; lastKnownFileType = text.xcconfig; name = "Pods-Project Without StoryBorads.release.xcconfig"; path = "Target Support Files/Pods-Project Without StoryBorads/Pods-Project Without StoryBorads.release.xcconfig"; sourceTree = "<group>"; };
		393279A31AAF12F77E370FDA /* Pods_Project_Without_StoryBorads.framework */ = {isa = PBXFileReference; explicitFileType = wrapper.framework; includeInIndex = 0; path = Pods_Project_Without_StoryBorads.framework; sourceTree = BUILT_PRODUCTS_DIR; };
		A02A694726761243001D1126 /* Project Without StoryBorads.app */ = {isa = PBXFileReference; explicitFileType = wrapper.application; includeInIndex = 0; path = "Project Without StoryBorads.app"; sourceTree = BUILT_PRODUCTS_DIR; };
		A02A694A26761243001D1126 /* AppDelegate.swift */ = {isa = PBXFileReference; lastKnownFileType = sourcecode.swift; path = AppDelegate.swift; sourceTree = "<group>"; };
		A02A694C26761243001D1126 /* SceneDelegate.swift */ = {isa = PBXFileReference; lastKnownFileType = sourcecode.swift; path = SceneDelegate.swift; sourceTree = "<group>"; };
		A02A694E26761243001D1126 /* ViewController.swift */ = {isa = PBXFileReference; lastKnownFileType = sourcecode.swift; path = ViewController.swift; sourceTree = "<group>"; };
		A02A695326761244001D1126 /* Assets.xcassets */ = {isa = PBXFileReference; lastKnownFileType = folder.assetcatalog; path = Assets.xcassets; sourceTree = "<group>"; };
		A02A695626761244001D1126 /* Base */ = {isa = PBXFileReference; lastKnownFileType = file.storyboard; name = Base; path = Base.lproj/LaunchScreen.storyboard; sourceTree = "<group>"; };
		A02A695826761244001D1126 /* Info.plist */ = {isa = PBXFileReference; lastKnownFileType = text.plist.xml; path = Info.plist; sourceTree = "<group>"; };
		F8C2BCF12E7F8815AEA81A39 /* Pods-Project Without StoryBorads.debug.xcconfig */ = {isa = PBXFileReference; includeInIndex = 1; lastKnownFileType = text.xcconfig; name = "Pods-Project Without StoryBorads.debug.xcconfig"; path = "Target Support Files/Pods-Project Without StoryBorads/Pods-Project Without StoryBorads.debug.xcconfig"; sourceTree = "<group>"; };
/* End PBXFileReference section */

/* Begin PBXFrameworksBuildPhase section */
		A02A694426761243001D1126 /* Frameworks */ = {
			isa = PBXFrameworksBuildPhase;
			buildActionMask = 2147483647;
			files = (
				1F4FA40B7447343DE875400E /* Pods_Project_Without_StoryBorads.framework in Frameworks */,
			);
			runOnlyForDeploymentPostprocessing = 0;
		};
/* End PBXFrameworksBuildPhase section */

/* Begin PBXGroup section */
		7890AA67F7EF66FA9DA91128 /* Frameworks */ = {
			isa = PBXGroup;
			children = (
				393279A31AAF12F77E370FDA /* Pods_Project_Without_StoryBorads.framework */,
			);
			name = Frameworks;
			sourceTree = "<group>";
		};
		A02A693E26761243001D1126 = {
			isa = PBXGroup;
			children = (
				A02A694926761243001D1126 /* Project Without StoryBorads */,
				A02A694826761243001D1126 /* Products */,
				B3EEF76CB34D281758046588 /* Pods */,
				7890AA67F7EF66FA9DA91128 /* Frameworks */,
			);
			sourceTree = "<group>";
		};
		A02A694826761243001D1126 /* Products */ = {
			isa = PBXGroup;
			children = (
				A02A694726761243001D1126 /* Project Without StoryBorads.app */,
			);
			name = Products;
			sourceTree = "<group>";
		};
		A02A694926761243001D1126 /* Project Without StoryBorads */ = {
			isa = PBXGroup;
			children = (
				A02A694A26761243001D1126 /* AppDelegate.swift */,
				A02A694C26761243001D1126 /* SceneDelegate.swift */,
				A02A694E26761243001D1126 /* ViewController.swift */,
				A02A695326761244001D1126 /* Assets.xcassets */,
				A02A695526761244001D1126 /* LaunchScreen.storyboard */,
				A02A695826761244001D1126 /* Info.plist */,
			);
			path = "Project Without StoryBorads";
			sourceTree = "<group>";
		};
		B3EEF76CB34D281758046588 /* Pods */ = {
			isa = PBXGroup;
			children = (
				F8C2BCF12E7F8815AEA81A39 /* Pods-Project Without StoryBorads.debug.xcconfig */,
				163AF6A437D60894711DF2B4 /* Pods-Project Without StoryBorads.release.xcconfig */,
			);
			name = Pods;
			path = Pods;
			sourceTree = "<group>";
		};
/* End PBXGroup section */

/* Begin PBXNativeTarget section */
		A02A694626761243001D1126 /* Project Without StoryBorads */ = {
			isa = PBXNativeTarget;
			buildConfigurationList = A02A695B26761244001D1126 /* Build configuration list for PBXNativeTarget "Project Without StoryBorads" */;
			buildPhases = (
				F6DCB4752EDEE31F85C00C84 /* [CP] Check Pods Manifest.lock */,
				A02A694326761243001D1126 /* Sources */,
				A02A694426761243001D1126 /* Frameworks */,
				A02A694526761243001D1126 /* Resources */,
				4E8D31A256722FEA0B7A1933 /* [CP] Embed Pods Frameworks */,
			);
			buildRules = (
			);
			dependencies = (
			);
			name = "Project Without StoryBorads";
			productName = "Project Without StoryBorads";
			productReference = A02A694726761243001D1126 /* Project Without StoryBorads.app */;
			productType = "com.apple.product-type.application";
		};
/* End PBXNativeTarget section */

/* Begin PBXProject section */
		A02A693F26761243001D1126 /* Project object */ = {
			isa = PBXProject;
			attributes = {
				LastSwiftUpdateCheck = 1250;
				LastUpgradeCheck = 1250;
				TargetAttributes = {
					A02A694626761243001D1126 = {
						CreatedOnToolsVersion = 12.5;
					};
				};
			};
			buildConfigurationList = A02A694226761243001D1126 /* Build configuration list for PBXProject "Project Without StoryBorads" */;
			compatibilityVersion = "Xcode 9.3";
			developmentRegion = en;
			hasScannedForEncodings = 0;
			knownRegions = (
				en,
				Base,
			);
			mainGroup = A02A693E26761243001D1126;
			productRefGroup = A02A694826761243001D1126 /* Products */;
			projectDirPath = "";
			projectRoot = "";
			targets = (
				A02A694626761243001D1126 /* Project Without StoryBorads */,
			);
		};
/* End PBXProject section */

/* Begin PBXResourcesBuildPhase section */
		A02A694526761243001D1126 /* Resources */ = {
			isa = PBXResourcesBuildPhase;
			buildActionMask = 2147483647;
			files = (
				A02A695726761244001D1126 /* LaunchScreen.storyboard in Resources */,
				A02A695426761244001D1126 /* Assets.xcassets in Resources */,
			);
			runOnlyForDeploymentPostprocessing = 0;
		};
/* End PBXResourcesBuildPhase section */

/* Begin PBXShellScriptBuildPhase section */
		4E8D31A256722FEA0B7A1933 /* [CP] Embed Pods Frameworks */ = {
			isa = PBXShellScriptBuildPhase;
			buildActionMask = 2147483647;
			files = (
			);
			inputFileListPaths = (
				"${PODS_ROOT}/Target Support Files/Pods-Project Without StoryBorads/Pods-Project Without StoryBorads-frameworks-${CONFIGURATION}-input-files.xcfilelist",
			);
			name = "[CP] Embed Pods Frameworks";
			outputFileListPaths = (
				"${PODS_ROOT}/Target Support Files/Pods-Project Without StoryBorads/Pods-Project Without StoryBorads-frameworks-${CONFIGURATION}-output-files.xcfilelist",
			);
			runOnlyForDeploymentPostprocessing = 0;
			shellPath = /bin/sh;
			shellScript = "\"${PODS_ROOT}/Target Support Files/Pods-Project Without StoryBorads/Pods-Project Without StoryBorads-frameworks.sh\"\n";
			showEnvVarsInLog = 0;
		};
		F6DCB4752EDEE31F85C00C84 /* [CP] Check Pods Manifest.lock */ = {
			isa = PBXShellScriptBuildPhase;
			buildActionMask = 2147483647;
			files = (
			);
			inputFileListPaths = (
			);
			inputPaths = (
				"${PODS_PODFILE_DIR_PATH}/Podfile.lock",
				"${PODS_ROOT}/Manifest.lock",
			);
			name = "[CP] Check Pods Manifest.lock";
			outputFileListPaths = (
			);
			outputPaths = (
				"$(DERIVED_FILE_DIR)/Pods-Project Without StoryBorads-checkManifestLockResult.txt",
			);
			runOnlyForDeploymentPostprocessing = 0;
			shellPath = /bin/sh;
			shellScript = "diff \"${PODS_PODFILE_DIR_PATH}/Podfile.lock\" \"${PODS_ROOT}/Manifest.lock\" > /dev/null\nif [ $? != 0 ] ; then\n    # print error to STDERR\n    echo \"error: The sandbox is not in sync with the Podfile.lock. Run 'pod install' or update your CocoaPods installation.\" >&2\n    exit 1\nfi\n# This output is used by Xcode 'outputs' to avoid re-running this script phase.\necho \"SUCCESS\" > \"${SCRIPT_OUTPUT_FILE_0}\"\n";
			showEnvVarsInLog = 0;
		};
/* End PBXShellScriptBuildPhase section */

/* Begin PBXSourcesBuildPhase section */
		A02A694326761243001D1126 /* Sources */ = {
			isa = PBXSourcesBuildPhase;
			buildActionMask = 2147483647;
			files = (
				A02A694F26761243001D1126 /* ViewController.swift in Sources */,
				A02A694B26761243001D1126 /* AppDelegate.swift in Sources */,
				A02A694D26761243001D1126 /* SceneDelegate.swift in Sources */,
			);
			runOnlyForDeploymentPostprocessing = 0;
		};
/* End PBXSourcesBuildPhase section */

/* Begin PBXVariantGroup section */
		A02A695526761244001D1126 /* LaunchScreen.storyboard */ = {
			isa = PBXVariantGroup;
			children = (
				A02A695626761244001D1126 /* Base */,
			);
			name = LaunchScreen.storyboard;
			sourceTree = "<group>";
		};
/* End PBXVariantGroup section */

/* Begin XCBuildConfiguration section */
		A02A695926761244001D1126 /* Debug */ = {
			isa = XCBuildConfiguration;
			buildSettings = {
				ALWAYS_SEARCH_USER_PATHS = NO;
				CLANG_ANALYZER_NONNULL = YES;
				CLANG_ANALYZER_NUMBER_OBJECT_CONVERSION = YES_AGGRESSIVE;
				CLANG_CXX_LANGUAGE_STANDARD = "gnu++14";
				CLANG_CXX_LIBRARY = "libc++";
				CLANG_ENABLE_MODULES = YES;
				CLANG_ENABLE_OBJC_ARC = YES;
				CLANG_ENABLE_OBJC_WEAK = YES;
				CLANG_WARN_BLOCK_CAPTURE_AUTORELEASING = YES;
				CLANG_WARN_BOOL_CONVERSION = YES;
				CLANG_WARN_COMMA = YES;
				CLANG_WARN_CONSTANT_CONVERSION = YES;
				CLANG_WARN_DEPRECATED_OBJC_IMPLEMENTATIONS = YES;
				CLANG_WARN_DIRECT_OBJC_ISA_USAGE = YES_ERROR;
				CLANG_WARN_DOCUMENTATION_COMMENTS = YES;
				CLANG_WARN_EMPTY_BODY = YES;
				CLANG_WARN_ENUM_CONVERSION = YES;
				CLANG_WARN_INFINITE_RECURSION = YES;
				CLANG_WARN_INT_CONVERSION = YES;
				CLANG_WARN_NON_LITERAL_NULL_CONVERSION = YES;
				CLANG_WARN_OBJC_IMPLICIT_RETAIN_SELF = YES;
				CLANG_WARN_OBJC_LITERAL_CONVERSION = YES;
				CLANG_WARN_OBJC_ROOT_CLASS = YES_ERROR;
				CLANG_WARN_QUOTED_INCLUDE_IN_FRAMEWORK_HEADER = YES;
				CLANG_WARN_RANGE_LOOP_ANALYSIS = YES;
				CLANG_WARN_STRICT_PROTOTYPES = YES;
				CLANG_WARN_SUSPICIOUS_MOVE = YES;
				CLANG_WARN_UNGUARDED_AVAILABILITY = YES_AGGRESSIVE;
				CLANG_WARN_UNREACHABLE_CODE = YES;
				CLANG_WARN__DUPLICATE_METHOD_MATCH = YES;
				COPY_PHASE_STRIP = NO;
				DEBUG_INFORMATION_FORMAT = dwarf;
				ENABLE_STRICT_OBJC_MSGSEND = YES;
				ENABLE_TESTABILITY = YES;
				GCC_C_LANGUAGE_STANDARD = gnu11;
				GCC_DYNAMIC_NO_PIC = NO;
				GCC_NO_COMMON_BLOCKS = YES;
				GCC_OPTIMIZATION_LEVEL = 0;
				GCC_PREPROCESSOR_DEFINITIONS = (
					"DEBUG=1",
					"$(inherited)",
				);
				GCC_WARN_64_TO_32_BIT_CONVERSION = YES;
				GCC_WARN_ABOUT_RETURN_TYPE = YES_ERROR;
				GCC_WARN_UNDECLARED_SELECTOR = YES;
				GCC_WARN_UNINITIALIZED_AUTOS = YES_AGGRESSIVE;
				GCC_WARN_UNUSED_FUNCTION = YES;
				GCC_WARN_UNUSED_VARIABLE = YES;
				IPHONEOS_DEPLOYMENT_TARGET = 14.5;
				MTL_ENABLE_DEBUG_INFO = INCLUDE_SOURCE;
				MTL_FAST_MATH = YES;
				ONLY_ACTIVE_ARCH = YES;
				SDKROOT = iphoneos;
				SWIFT_ACTIVE_COMPILATION_CONDITIONS = DEBUG;
				SWIFT_OPTIMIZATION_LEVEL = "-Onone";
			};
			name = Debug;
		};
		A02A695A26761244001D1126 /* Release */ = {
			isa = XCBuildConfiguration;
			buildSettings = {
				ALWAYS_SEARCH_USER_PATHS = NO;
				CLANG_ANALYZER_NONNULL = YES;
				CLANG_ANALYZER_NUMBER_OBJECT_CONVERSION = YES_AGGRESSIVE;
				CLANG_CXX_LANGUAGE_STANDARD = "gnu++14";
				CLANG_CXX_LIBRARY = "libc++";
				CLANG_ENABLE_MODULES = YES;
				CLANG_ENABLE_OBJC_ARC = YES;
				CLANG_ENABLE_OBJC_WEAK = YES;
				CLANG_WARN_BLOCK_CAPTURE_AUTORELEASING = YES;
				CLANG_WARN_BOOL_CONVERSION = YES;
				CLANG_WARN_COMMA = YES;
				CLANG_WARN_CONSTANT_CONVERSION = YES;
				CLANG_WARN_DEPRECATED_OBJC_IMPLEMENTATIONS = YES;
				CLANG_WARN_DIRECT_OBJC_ISA_USAGE = YES_ERROR;
				CLANG_WARN_DOCUMENTATION_COMMENTS = YES;
				CLANG_WARN_EMPTY_BODY = YES;
				CLANG_WARN_ENUM_CONVERSION = YES;
				CLANG_WARN_INFINITE_RECURSION = YES;
				CLANG_WARN_INT_CONVERSION = YES;
				CLANG_WARN_NON_LITERAL_NULL_CONVERSION = YES;
				CLANG_WARN_OBJC_IMPLICIT_RETAIN_SELF = YES;
				CLANG_WARN_OBJC_LITERAL_CONVERSION = YES;
				CLANG_WARN_OBJC_ROOT_CLASS = YES_ERROR;
				CLANG_WARN_QUOTED_INCLUDE_IN_FRAMEWORK_HEADER = YES;
				CLANG_WARN_RANGE_LOOP_ANALYSIS = YES;
				CLANG_WARN_STRICT_PROTOTYPES = YES;
				CLANG_WARN_SUSPICIOUS_MOVE = YES;
				CLANG_WARN_UNGUARDED_AVAILABILITY = YES_AGGRESSIVE;
				CLANG_WARN_UNREACHABLE_CODE = YES;
				CLANG_WARN__DUPLICATE_METHOD_MATCH = YES;
				COPY_PHASE_STRIP = NO;
				DEBUG_INFORMATION_FORMAT = "dwarf-with-dsym";
				ENABLE_NS_ASSERTIONS = NO;
				ENABLE_STRICT_OBJC_MSGSEND = YES;
				GCC_C_LANGUAGE_STANDARD = gnu11;
				GCC_NO_COMMON_BLOCKS = YES;
				GCC_WARN_64_TO_32_BIT_CONVERSION = YES;
				GCC_WARN_ABOUT_RETURN_TYPE = YES_ERROR;
				GCC_WARN_UNDECLARED_SELECTOR = YES;
				GCC_WARN_UNINITIALIZED_AUTOS = YES_AGGRESSIVE;
				GCC_WARN_UNUSED_FUNCTION = YES;
				GCC_WARN_UNUSED_VARIABLE = YES;
				IPHONEOS_DEPLOYMENT_TARGET = 14.5;
				MTL_ENABLE_DEBUG_INFO = NO;
				MTL_FAST_MATH = YES;
				SDKROOT = iphoneos;
				SWIFT_COMPILATION_MODE = wholemodule;
				SWIFT_OPTIMIZATION_LEVEL = "-O";
				VALIDATE_PRODUCT = YES;
			};
			name = Release;
		};
		A02A695C26761244001D1126 /* Debug */ = {
			isa = XCBuildConfiguration;
			baseConfigurationReference = F8C2BCF12E7F8815AEA81A39 /* Pods-Project Without StoryBorads.debug.xcconfig */;
			buildSettings = {
				ASSETCATALOG_COMPILER_APPICON_NAME = AppIcon;
				ASSETCATALOG_COMPILER_GLOBAL_ACCENT_COLOR_NAME = AccentColor;
				CODE_SIGN_STYLE = Automatic;
				DEVELOPMENT_TEAM = ED272R9GZ8;
				INFOPLIST_FILE = "Project Without StoryBorads/Info.plist";
				LD_RUNPATH_SEARCH_PATHS = (
					"$(inherited)",
					"@executable_path/Frameworks",
				);
				PRODUCT_BUNDLE_IDENTIFIER = "es.eksoft.Project-Without-StoryBorads";
				PRODUCT_NAME = "$(TARGET_NAME)";
				SWIFT_VERSION = 5.0;
				TARGETED_DEVICE_FAMILY = 1;
			};
			name = Debug;
		};
		A02A695D26761244001D1126 /* Release */ = {
			isa = XCBuildConfiguration;
			baseConfigurationReference = 163AF6A437D60894711DF2B4 /* Pods-Project Without StoryBorads.release.xcconfig */;
			buildSettings = {
				ASSETCATALOG_COMPILER_APPICON_NAME = AppIcon;
				ASSETCATALOG_COMPILER_GLOBAL_ACCENT_COLOR_NAME = AccentColor;
				CODE_SIGN_STYLE = Automatic;
				DEVELOPMENT_TEAM = ED272R9GZ8;
				INFOPLIST_FILE = "Project Without StoryBorads/Info.plist";
				LD_RUNPATH_SEARCH_PATHS = (
					"$(inherited)",
					"@executable_path/Frameworks",
				);
				PRODUCT_BUNDLE_IDENTIFIER = "es.eksoft.Project-Without-StoryBorads";
				PRODUCT_NAME = "$(TARGET_NAME)";
				SWIFT_VERSION = 5.0;
				TARGETED_DEVICE_FAMILY = 1;
			};
			name = Release;
		};
/* End XCBuildConfiguration section */

/* Begin XCConfigurationList section */
		A02A694226761243001D1126 /* Build configuration list for PBXProject "Project Without StoryBorads" */ = {
			isa = XCConfigurationList;
			buildConfigurations = (
				A02A695926761244001D1126 /* Debug */,
				A02A695A26761244001D1126 /* Release */,
			);
			defaultConfigurationIsVisible = 0;
			defaultConfigurationName = Release;
		};
		A02A695B26761244001D1126 /* Build configuration list for PBXNativeTarget "Project Without StoryBorads" */ = {
			isa = XCConfigurationList;
			buildConfigurations = (
				A02A695C26761244001D1126 /* Debug */,
				A02A695D26761244001D1126 /* Release */,
			);
			defaultConfigurationIsVisible = 0;
			defaultConfigurationName = Release;
		};
/* End XCConfigurationList section */
	};
	rootObject = A02A693F26761243001D1126 /* Project object */;
}
